// !$*UTF8*$!
{
	archiveVersion = 1;
	classes = {
	};
	objectVersion = 55;
	objects = {

/* Begin PBXBuildFile section */
		FA2DC5BA29D82A2600BE447E /* AppDelegate.swift in Sources */ = {isa = PBXBuildFile; fileRef = FA2DC5B929D82A2600BE447E /* AppDelegate.swift */; };
		FA2DC5BC29D82A2600BE447E /* SceneDelegate.swift in Sources */ = {isa = PBXBuildFile; fileRef = FA2DC5BB29D82A2600BE447E /* SceneDelegate.swift */; };
		FA2DC5BE29D82A2600BE447E /* ViewController.swift in Sources */ = {isa = PBXBuildFile; fileRef = FA2DC5BD29D82A2600BE447E /* ViewController.swift */; };
		FA2DC5C129D82A2600BE447E /* Main.storyboard in Resources */ = {isa = PBXBuildFile; fileRef = FA2DC5BF29D82A2600BE447E /* Main.storyboard */; };
		FA2DC5C429D82A2600BE447E /* Custom_Data_Table.xcdatamodeld in Sources */ = {isa = PBXBuildFile; fileRef = FA2DC5C229D82A2600BE447E /* Custom_Data_Table.xcdatamodeld */; };
		FA2DC5C629D82A2800BE447E /* Assets.xcassets in Resources */ = {isa = PBXBuildFile; fileRef = FA2DC5C529D82A2800BE447E /* Assets.xcassets */; };
		FA2DC5C929D82A2800BE447E /* LaunchScreen.storyboard in Resources */ = {isa = PBXBuildFile; fileRef = FA2DC5C729D82A2800BE447E /* LaunchScreen.storyboard */; };
/* End PBXBuildFile section */

/* Begin PBXFileReference section */
		FA2DC5B629D82A2600BE447E /* Custom Data Table.app */ = {isa = PBXFileReference; explicitFileType = wrapper.application; includeInIndex = 0; path = "Custom Data Table.app"; sourceTree = BUILT_PRODUCTS_DIR; };
		FA2DC5B929D82A2600BE447E /* AppDelegate.swift */ = {isa = PBXFileReference; lastKnownFileType = sourcecode.swift; path = AppDelegate.swift; sourceTree = "<group>"; };
		FA2DC5BB29D82A2600BE447E /* SceneDelegate.swift */ = {isa = PBXFileReference; lastKnownFileType = sourcecode.swift; path = SceneDelegate.swift; sourceTree = "<group>"; };
		FA2DC5BD29D82A2600BE447E /* ViewController.swift */ = {isa = PBXFileReference; lastKnownFileType = sourcecode.swift; path = ViewController.swift; sourceTree = "<group>"; };
		FA2DC5C029D82A2600BE447E /* Base */ = {isa = PBXFileReference; lastKnownFileType = file.storyboard; name = Base; path = Base.lproj/Main.storyboard; sourceTree = "<group>"; };
		FA2DC5C329D82A2600BE447E /* Custom_Data_Table.xcdatamodel */ = {isa = PBXFileReference; lastKnownFileType = wrapper.xcdatamodel; path = Custom_Data_Table.xcdatamodel; sourceTree = "<group>"; };
		FA2DC5C529D82A2800BE447E /* Assets.xcassets */ = {isa = PBXFileReference; lastKnownFileType = folder.assetcatalog; path = Assets.xcassets; sourceTree = "<group>"; };
		FA2DC5C829D82A2800BE447E /* Base */ = {isa = PBXFileReference; lastKnownFileType = file.storyboard; name = Base; path = Base.lproj/LaunchScreen.storyboard; sourceTree = "<group>"; };
		FA2DC5CA29D82A2800BE447E /* Info.plist */ = {isa = PBXFileReference; lastKnownFileType = text.plist.xml; path = Info.plist; sourceTree = "<group>"; };
/* End PBXFileReference section */

/* Begin PBXFrameworksBuildPhase section */
		FA2DC5B329D82A2600BE447E /* Frameworks */ = {
			isa = PBXFrameworksBuildPhase;
			buildActionMask = 2147483647;
			files = (
			);
			runOnlyForDeploymentPostprocessing = 0;
		};
/* End PBXFrameworksBuildPhase section */

/* Begin PBXGroup section */
		FA2DC5AD29D82A2600BE447E = {
			isa = PBXGroup;
			children = (
				FA2DC5B829D82A2600BE447E /* Custom Data Table */,
				FA2DC5B729D82A2600BE447E /* Products */,
			);
			sourceTree = "<group>";
		};
		FA2DC5B729D82A2600BE447E /* Products */ = {
			isa = PBXGroup;
			children = (
				FA2DC5B629D82A2600BE447E /* Custom Data Table.app */,
			);
			name = Products;
			sourceTree = "<group>";
		};
		FA2DC5B829D82A2600BE447E /* Custom Data Table */ = {
			isa = PBXGroup;
			children = (
				FA2DC5D529D82BD800BE447E /* Application */,
				FA2DC5D429D82BCE00BE447E /* Constant */,
				FA2DC5D329D82BC400BE447E /* Extenstions */,
				FA2DC5D229D82BBB00BE447E /* Serecns */,
				FA2DC5D129D82BB000BE447E /* Storyboard */,
				FA2DC5D029D82B9200BE447E /* Resourecs */,
				FA2DC5BD29D82A2600BE447E /* ViewController.swift */,
				FA2DC5CA29D82A2800BE447E /* Info.plist */,
			);
			path = "Custom Data Table";
			sourceTree = "<group>";
		};
		FA2DC5D029D82B9200BE447E /* Resourecs */ = {
			isa = PBXGroup;
			children = (
				FA2DC5C529D82A2800BE447E /* Assets.xcassets */,
				FA2DC5C229D82A2600BE447E /* Custom_Data_Table.xcdatamodeld */,
			);
			path = Resourecs;
			sourceTree = "<group>";
		};
		FA2DC5D129D82BB000BE447E /* Storyboard */ = {
			isa = PBXGroup;
			children = (
				FA2DC5BF29D82A2600BE447E /* Main.storyboard */,
				FA2DC5C729D82A2800BE447E /* LaunchScreen.storyboard */,
			);
			path = Storyboard;
			sourceTree = "<group>";
		};
		FA2DC5D229D82BBB00BE447E /* Serecns */ = {
			isa = PBXGroup;
			children = (
			);
			path = Serecns;
			sourceTree = "<group>";
		};
		FA2DC5D329D82BC400BE447E /* Extenstions */ = {
			isa = PBXGroup;
			children = (
			);
			path = Extenstions;
			sourceTree = "<group>";
		};
		FA2DC5D429D82BCE00BE447E /* Constant */ = {
			isa = PBXGroup;
			children = (
			);
			path = Constant;
			sourceTree = "<group>";
		};
		FA2DC5D529D82BD800BE447E /* Application */ = {
			isa = PBXGroup;
			children = (
				FA2DC5B929D82A2600BE447E /* AppDelegate.swift */,
				FA2DC5BB29D82A2600BE447E /* SceneDelegate.swift */,
			);
			path = Application;
			sourceTree = "<group>";
		};
/* End PBXGroup section */

/* Begin PBXNativeTarget section */
		FA2DC5B529D82A2600BE447E /* Custom Data Table */ = {
			isa = PBXNativeTarget;
			buildConfigurationList = FA2DC5CD29D82A2800BE447E /* Build configuration list for PBXNativeTarget "Custom Data Table" */;
			buildPhases = (
				FA2DC5B229D82A2600BE447E /* Sources */,
				FA2DC5B329D82A2600BE447E /* Frameworks */,
				FA2DC5B429D82A2600BE447E /* Resources */,
			);
			buildRules = (
			);
			dependencies = (
			);
			name = "Custom Data Table";
			productName = "Custom Data Table";
			productReference = FA2DC5B629D82A2600BE447E /* Custom Data Table.app */;
			productType = "com.apple.product-type.application";
		};
/* End PBXNativeTarget section */

/* Begin PBXProject section */
		FA2DC5AE29D82A2600BE447E /* Project object */ = {
			isa = PBXProject;
			attributes = {
				BuildIndependentTargetsInParallel = 1;
				LastSwiftUpdateCheck = 1320;
				LastUpgradeCheck = 1320;
				TargetAttributes = {
					FA2DC5B529D82A2600BE447E = {
						CreatedOnToolsVersion = 13.2.1;
					};
				};
			};
			buildConfigurationList = FA2DC5B129D82A2600BE447E /* Build configuration list for PBXProject "Custom Data Table" */;
			compatibilityVersion = "Xcode 13.0";
			developmentRegion = en;
			hasScannedForEncodings = 0;
			knownRegions = (
				en,
				Base,
			);
			mainGroup = FA2DC5AD29D82A2600BE447E;
			productRefGroup = FA2DC5B729D82A2600BE447E /* Products */;
			projectDirPath = "";
			projectRoot = "";
			targets = (
				FA2DC5B529D82A2600BE447E /* Custom Data Table */,
			);
		};
/* End PBXProject section */

/* Begin PBXResourcesBuildPhase section */
		FA2DC5B429D82A2600BE447E /* Resources */ = {
			isa = PBXResourcesBuildPhase;
			buildActionMask = 2147483647;
			files = (
				FA2DC5C929D82A2800BE447E /* LaunchScreen.storyboard in Resources */,
				FA2DC5C629D82A2800BE447E /* Assets.xcassets in Resources */,
				FA2DC5C129D82A2600BE447E /* Main.storyboard in Resources */,
			);
			runOnlyForDeploymentPostprocessing = 0;
		};
/* End PBXResourcesBuildPhase section */

/* Begin PBXSourcesBuildPhase section */
		FA2DC5B229D82A2600BE447E /* Sources */ = {
			isa = PBXSourcesBuildPhase;
			buildActionMask = 2147483647;
			files = (
				FA2DC5BE29D82A2600BE447E /* ViewController.swift in Sources */,
				FA2DC5C429D82A2600BE447E /* Custom_Data_Table.xcdatamodeld in Sources */,
				FA2DC5BA29D82A2600BE447E /* AppDelegate.swift in Sources */,
				FA2DC5BC29D82A2600BE447E /* SceneDelegate.swift in Sources */,
			);
			runOnlyForDeploymentPostprocessing = 0;
		};
/* End PBXSourcesBuildPhase section */

/* Begin PBXVariantGroup section */
		FA2DC5BF29D82A2600BE447E /* Main.storyboard */ = {
			isa = PBXVariantGroup;
			children = (
				FA2DC5C029D82A2600BE447E /* Base */,
			);
			name = Main.storyboard;
			sourceTree = "<group>";
		};
		FA2DC5C729D82A2800BE447E /* LaunchScreen.storyboard */ = {
			isa = PBXVariantGroup;
			children = (
				FA2DC5C829D82A2800BE447E /* Base */,
			);
			name = LaunchScreen.storyboard;
			sourceTree = "<group>";
		};
/* End PBXVariantGroup section */

/* Begin XCBuildConfiguration section */
		FA2DC5CB29D82A2800BE447E /* Debug */ = {
			isa = XCBuildConfiguration;
			buildSettings = {
				ALWAYS_SEARCH_USER_PATHS = NO;
				CLANG_ANALYZER_NONNULL = YES;
				CLANG_ANALYZER_NUMBER_OBJECT_CONVERSION = YES_AGGRESSIVE;
				CLANG_CXX_LANGUAGE_STANDARD = "gnu++17";
				CLANG_CXX_LIBRARY = "libc++";
				CLANG_ENABLE_MODULES = YES;
				CLANG_ENABLE_OBJC_ARC = YES;
				CLANG_ENABLE_OBJC_WEAK = YES;
				CLANG_WARN_BLOCK_CAPTURE_AUTORELEASING = YES;
				CLANG_WARN_BOOL_CONVERSION = YES;
				CLANG_WARN_COMMA = YES;
				CLANG_WARN_CONSTANT_CONVERSION = YES;
				CLANG_WARN_DEPRECATED_OBJC_IMPLEMENTATIONS = YES;
				CLANG_WARN_DIRECT_OBJC_ISA_USAGE = YES_ERROR;
				CLANG_WARN_DOCUMENTATION_COMMENTS = YES;
				CLANG_WARN_EMPTY_BODY = YES;
				CLANG_WARN_ENUM_CONVERSION = YES;
				CLANG_WARN_INFINITE_RECURSION = YES;
				CLANG_WARN_INT_CONVERSION = YES;
				CLANG_WARN_NON_LITERAL_NULL_CONVERSION = YES;
				CLANG_WARN_OBJC_IMPLICIT_RETAIN_SELF = YES;
				CLANG_WARN_OBJC_LITERAL_CONVERSION = YES;
				CLANG_WARN_OBJC_ROOT_CLASS = YES_ERROR;
				CLANG_WARN_QUOTED_INCLUDE_IN_FRAMEWORK_HEADER = YES;
				CLANG_WARN_RANGE_LOOP_ANALYSIS = YES;
				CLANG_WARN_STRICT_PROTOTYPES = YES;
				CLANG_WARN_SUSPICIOUS_MOVE = YES;
				CLANG_WARN_UNGUARDED_AVAILABILITY = YES_AGGRESSIVE;
				CLANG_WARN_UNREACHABLE_CODE = YES;
				CLANG_WARN__DUPLICATE_METHOD_MATCH = YES;
				COPY_PHASE_STRIP = NO;
				DEBUG_INFORMATION_FORMAT = dwarf;
				ENABLE_STRICT_OBJC_MSGSEND = YES;
				ENABLE_TESTABILITY = YES;
				GCC_C_LANGUAGE_STANDARD = gnu11;
				GCC_DYNAMIC_NO_PIC = NO;
				GCC_NO_COMMON_BLOCKS = YES;
				GCC_OPTIMIZATION_LEVEL = 0;
				GCC_PREPROCESSOR_DEFINITIONS = (
					"DEBUG=1",
					"$(inherited)",
				);
				GCC_WARN_64_TO_32_BIT_CONVERSION = YES;
				GCC_WARN_ABOUT_RETURN_TYPE = YES_ERROR;
				GCC_WARN_UNDECLARED_SELECTOR = YES;
				GCC_WARN_UNINITIALIZED_AUTOS = YES_AGGRESSIVE;
				GCC_WARN_UNUSED_FUNCTION = YES;
				GCC_WARN_UNUSED_VARIABLE = YES;
				IPHONEOS_DEPLOYMENT_TARGET = 15.2;
				MTL_ENABLE_DEBUG_INFO = INCLUDE_SOURCE;
				MTL_FAST_MATH = YES;
				ONLY_ACTIVE_ARCH = YES;
				SDKROOT = iphoneos;
				SWIFT_ACTIVE_COMPILATION_CONDITIONS = DEBUG;
				SWIFT_OPTIMIZATION_LEVEL = "-Onone";
			};
			name = Debug;
		};
		FA2DC5CC29D82A2800BE447E /* Release */ = {
			isa = XCBuildConfiguration;
			buildSettings = {
				ALWAYS_SEARCH_USER_PATHS = NO;
				CLANG_ANALYZER_NONNULL = YES;
				CLANG_ANALYZER_NUMBER_OBJECT_CONVERSION = YES_AGGRESSIVE;
				CLANG_CXX_LANGUAGE_STANDARD = "gnu++17";
				CLANG_CXX_LIBRARY = "libc++";
				CLANG_ENABLE_MODULES = YES;
				CLANG_ENABLE_OBJC_ARC = YES;
				CLANG_ENABLE_OBJC_WEAK = YES;
				CLANG_WARN_BLOCK_CAPTURE_AUTORELEASING = YES;
				CLANG_WARN_BOOL_CONVERSION = YES;
				CLANG_WARN_COMMA = YES;
				CLANG_WARN_CONSTANT_CONVERSION = YES;
				CLANG_WARN_DEPRECATED_OBJC_IMPLEMENTATIONS = YES;
				CLANG_WARN_DIRECT_OBJC_ISA_USAGE = YES_ERROR;
				CLANG_WARN_DOCUMENTATION_COMMENTS = YES;
				CLANG_WARN_EMPTY_BODY = YES;
				CLANG_WARN_ENUM_CONVERSION = YES;
				CLANG_WARN_INFINITE_RECURSION = YES;
				CLANG_WARN_INT_CONVERSION = YES;
				CLANG_WARN_NON_LITERAL_NULL_CONVERSION = YES;
				CLANG_WARN_OBJC_IMPLICIT_RETAIN_SELF = YES;
				CLANG_WARN_OBJC_LITERAL_CONVERSION = YES;
				CLANG_WARN_OBJC_ROOT_CLASS = YES_ERROR;
				CLANG_WARN_QUOTED_INCLUDE_IN_FRAMEWORK_HEADER = YES;
				CLANG_WARN_RANGE_LOOP_ANALYSIS = YES;
				CLANG_WARN_STRICT_PROTOTYPES = YES;
				CLANG_WARN_SUSPICIOUS_MOVE = YES;
				CLANG_WARN_UNGUARDED_AVAILABILITY = YES_AGGRESSIVE;
				CLANG_WARN_UNREACHABLE_CODE = YES;
				CLANG_WARN__DUPLICATE_METHOD_MATCH = YES;
				COPY_PHASE_STRIP = NO;
				DEBUG_INFORMATION_FORMAT = "dwarf-with-dsym";
				ENABLE_NS_ASSERTIONS = NO;
				ENABLE_STRICT_OBJC_MSGSEND = YES;
				GCC_C_LANGUAGE_STANDARD = gnu11;
				GCC_NO_COMMON_BLOCKS = YES;
				GCC_WARN_64_TO_32_BIT_CONVERSION = YES;
				GCC_WARN_ABOUT_RETURN_TYPE = YES_ERROR;
				GCC_WARN_UNDECLARED_SELECTOR = YES;
				GCC_WARN_UNINITIALIZED_AUTOS = YES_AGGRESSIVE;
				GCC_WARN_UNUSED_FUNCTION = YES;
				GCC_WARN_UNUSED_VARIABLE = YES;
				IPHONEOS_DEPLOYMENT_TARGET = 15.2;
				MTL_ENABLE_DEBUG_INFO = NO;
				MTL_FAST_MATH = YES;
				SDKROOT = iphoneos;
				SWIFT_COMPILATION_MODE = wholemodule;
				SWIFT_OPTIMIZATION_LEVEL = "-O";
				VALIDATE_PRODUCT = YES;
			};
			name = Release;
		};
		FA2DC5CE29D82A2800BE447E /* Debug */ = {
			isa = XCBuildConfiguration;
			buildSettings = {
				ASSETCATALOG_COMPILER_APPICON_NAME = AppIcon;
				ASSETCATALOG_COMPILER_GLOBAL_ACCENT_COLOR_NAME = AccentColor;
				CODE_SIGN_STYLE = Automatic;
				CURRENT_PROJECT_VERSION = 1;
				DEVELOPMENT_TEAM = K6BJ9JXQPF;
				GENERATE_INFOPLIST_FILE = YES;
				INFOPLIST_FILE = "Custom Data Table/Info.plist";
				INFOPLIST_KEY_UIApplicationSupportsIndirectInputEvents = YES;
				INFOPLIST_KEY_UILaunchStoryboardName = LaunchScreen;
				INFOPLIST_KEY_UIMainStoryboardFile = Main;
				INFOPLIST_KEY_UISupportedInterfaceOrientations = "UIInterfaceOrientationPortrait UIInterfaceOrientationLandscapeLeft UIInterfaceOrientationLandscapeRight";
				INFOPLIST_KEY_UISupportedInterfaceOrientations_iPad = "UIInterfaceOrientationPortrait UIInterfaceOrientationPortraitUpsideDown UIInterfaceOrientationLandscapeLeft UIInterfaceOrientationLandscapeRight";
				INFOPLIST_KEY_UISupportedInterfaceOrientations_iPhone = "UIInterfaceOrientationPortrait UIInterfaceOrientationLandscapeLeft UIInterfaceOrientationLandscapeRight";
				IPHONEOS_DEPLOYMENT_TARGET = 15.0;
				LD_RUNPATH_SEARCH_PATHS = (
					"$(inherited)",
					"@executable_path/Frameworks",
				);
				MARKETING_VERSION = 1.0;
				PRODUCT_BUNDLE_IDENTIFIER = "com.systemsApp.Custom-Data-Table";
				PRODUCT_NAME = "$(TARGET_NAME)";
				SWIFT_EMIT_LOC_STRINGS = YES;
				SWIFT_VERSION = 5.0;
				TARGETED_DEVICE_FAMILY = "1,2";
			};
			name = Debug;
		};
		FA2DC5CF29D82A2800BE447E /* Release */ = {
			isa = XCBuildConfiguration;
			buildSettings = {
				ASSETCATALOG_COMPILER_APPICON_NAME = AppIcon;
				ASSETCATALOG_COMPILER_GLOBAL_ACCENT_COLOR_NAME = AccentColor;
				CODE_SIGN_STYLE = Automatic;
				CURRENT_PROJECT_VERSION = 1;
				DEVELOPMENT_TEAM = K6BJ9JXQPF;
				GENERATE_INFOPLIST_FILE = YES;
				INFOPLIST_FILE = "Custom Data Table/Info.plist";
				INFOPLIST_KEY_UIApplicationSupportsIndirectInputEvents = YES;
				INFOPLIST_KEY_UILaunchStoryboardName = LaunchScreen;
				INFOPLIST_KEY_UIMainStoryboardFile = Main;
				INFOPLIST_KEY_UISupportedInterfaceOrientations = "UIInterfaceOrientationPortrait UIInterfaceOrientationLandscapeLeft UIInterfaceOrientationLandscapeRight";
				INFOPLIST_KEY_UISupportedInterfaceOrientations_iPad = "UIInterfaceOrientationPortrait UIInterfaceOrientationPortraitUpsideDown UIInterfaceOrientationLandscapeLeft UIInterfaceOrientationLandscapeRight";
				INFOPLIST_KEY_UISupportedInterfaceOrientations_iPhone = "UIInterfaceOrientationPortrait UIInterfaceOrientationLandscapeLeft UIInterfaceOrientationLandscapeRight";
				IPHONEOS_DEPLOYMENT_TARGET = 15.0;
				LD_RUNPATH_SEARCH_PATHS = (
					"$(inherited)",
					"@executable_path/Frameworks",
				);
				MARKETING_VERSION = 1.0;
				PRODUCT_BUNDLE_IDENTIFIER = "com.systemsApp.Custom-Data-Table";
				PRODUCT_NAME = "$(TARGET_NAME)";
				SWIFT_EMIT_LOC_STRINGS = YES;
				SWIFT_VERSION = 5.0;
				TARGETED_DEVICE_FAMILY = "1,2";
			};
			name = Release;
		};
/* End XCBuildConfiguration section */

/* Begin XCConfigurationList section */
		FA2DC5B129D82A2600BE447E /* Build configuration list for PBXProject "Custom Data Table" */ = {
			isa = XCConfigurationList;
			buildConfigurations = (
				FA2DC5CB29D82A2800BE447E /* Debug */,
				FA2DC5CC29D82A2800BE447E /* Release */,
			);
			defaultConfigurationIsVisible = 0;
			defaultConfigurationName = Release;
		};
		FA2DC5CD29D82A2800BE447E /* Build configuration list for PBXNativeTarget "Custom Data Table" */ = {
			isa = XCConfigurationList;
			buildConfigurations = (
				FA2DC5CE29D82A2800BE447E /* Debug */,
				FA2DC5CF29D82A2800BE447E /* Release */,
			);
			defaultConfigurationIsVisible = 0;
			defaultConfigurationName = Release;
		};
/* End XCConfigurationList section */

/* Begin XCVersionGroup section */
		FA2DC5C229D82A2600BE447E /* Custom_Data_Table.xcdatamodeld */ = {
			isa = XCVersionGroup;
			children = (
				FA2DC5C329D82A2600BE447E /* Custom_Data_Table.xcdatamodel */,
			);
			currentVersion = FA2DC5C329D82A2600BE447E /* Custom_Data_Table.xcdatamodel */;
			path = Custom_Data_Table.xcdatamodeld;
			sourceTree = "<group>";
			versionGroupType = wrapper.xcdatamodel;
		};
/* End XCVersionGroup section */
	};
	rootObject = FA2DC5AE29D82A2600BE447E /* Project object */;
}
